
Microsoft Visual Studio Solution File, Format Version 12.00
# Visual Studio 15
VisualStudioVersion = 15.0.26403.7
MinimumVisualStudioVersion = 10.0.40219.1
Project("{2150E333-8FDC-42A3-9474-1A3956D46DE8}") = "HomeWork4", "HomeWork4", "{2AF77170-1150-49E0-8B4C-88DF50F76A2A}"
EndProject
Project("{2150E333-8FDC-42A3-9474-1A3956D46DE8}") = "Common", "Common", "{1005BD33-86E9-4AA7-90D8-42E7489CF8E0}"
EndProject
Project("{2150E333-8FDC-42A3-9474-1A3956D46DE8}") = "Model", "Model", "{290DDA80-D253-4925-A76C-E9ACC31306AB}"
EndProject
Project("{FAE04EC0-301F-11D3-BF4B-00C04F79EFBC}") = "NineFour.Common", "NineFour.Common\NineFour.Common.csproj", "{43430031-F512-4DBD-B5F7-786109D675B5}"
EndProject
Project("{FAE04EC0-301F-11D3-BF4B-00C04F79EFBC}") = "Nine.App", "Nine.App\Nine.App.csproj", "{90544F48-4BA4-4290-8B4C-483D6C18E11F}"
EndProject
Project("{FAE04EC0-301F-11D3-BF4B-00C04F79EFBC}") = "NineFour.Model", "NineFour.Model\NineFour.Model.csproj", "{FA88E04A-46B4-4AB1-8E3D-B065B5757AFE}"
EndProject
Project("{2150E333-8FDC-42A3-9474-1A3956D46DE8}") = "DAL", "DAL", "{F802673F-5FF0-4C26-8411-ED95727927E3}"
EndProject
Project("{FAE04EC0-301F-11D3-BF4B-00C04F79EFBC}") = "NineFour.DAL", "NineFour.DAL\NineFour.DAL.csproj", "{1697647B-8A79-4F24-B2D2-C98CB2E93762}"
EndProject
Project("{FAE04EC0-301F-11D3-BF4B-00C04F79EFBC}") = "NineFour.IDAL", "NineFour.IDAL\NineFour.IDAL.csproj", "{EDDB60D8-C5F9-4E24-A7EC-0DE9B22F256E}"
EndProject
Project("{2150E333-8FDC-42A3-9474-1A3956D46DE8}") = "DI", "DI", "{9E370375-4B76-447F-A27E-9F3F27F0E245}"
EndProject
Project("{FAE04EC0-301F-11D3-BF4B-00C04F79EFBC}") = "Unity.AOP", "Unity.AOP\Unity.AOP.csproj", "{90B6357A-21FE-4F20-B943-B087F05C67E7}"
EndProject
Project("{FAE04EC0-301F-11D3-BF4B-00C04F79EFBC}") = "Unity.IOC", "Unity.IOC\Unity.IOC.csproj", "{540C49CC-5A2B-4952-AE14-F51D6E8AC0EE}"
EndProject
Global
	GlobalSection(SolutionConfigurationPlatforms) = preSolution
		Debug|Any CPU = Debug|Any CPU
		Release|Any CPU = Release|Any CPU
	EndGlobalSection
	GlobalSection(ProjectConfigurationPlatforms) = postSolution
		{43430031-F512-4DBD-B5F7-786109D675B5}.Debug|Any CPU.ActiveCfg = Debug|Any CPU
		{43430031-F512-4DBD-B5F7-786109D675B5}.Debug|Any CPU.Build.0 = Debug|Any CPU
		{43430031-F512-4DBD-B5F7-786109D675B5}.Release|Any CPU.ActiveCfg = Release|Any CPU
		{43430031-F512-4DBD-B5F7-786109D675B5}.Release|Any CPU.Build.0 = Release|Any CPU
		{90544F48-4BA4-4290-8B4C-483D6C18E11F}.Debug|Any CPU.ActiveCfg = Debug|Any CPU
		{90544F48-4BA4-4290-8B4C-483D6C18E11F}.Debug|Any CPU.Build.0 = Debug|Any CPU
		{90544F48-4BA4-4290-8B4C-483D6C18E11F}.Release|Any CPU.ActiveCfg = Release|Any CPU
		{90544F48-4BA4-4290-8B4C-483D6C18E11F}.Release|Any CPU.Build.0 = Release|Any CPU
		{FA88E04A-46B4-4AB1-8E3D-B065B5757AFE}.Debug|Any CPU.ActiveCfg = Debug|Any CPU
		{FA88E04A-46B4-4AB1-8E3D-B065B5757AFE}.Debug|Any CPU.Build.0 = Debug|Any CPU
		{FA88E04A-46B4-4AB1-8E3D-B065B5757AFE}.Release|Any CPU.ActiveCfg = Release|Any CPU
		{FA88E04A-46B4-4AB1-8E3D-B065B5757AFE}.Release|Any CPU.Build.0 = Release|Any CPU
		{1697647B-8A79-4F24-B2D2-C98CB2E93762}.Debug|Any CPU.ActiveCfg = Debug|Any CPU
		{1697647B-8A79-4F24-B2D2-C98CB2E93762}.Debug|Any CPU.Build.0 = Debug|Any CPU
		{1697647B-8A79-4F24-B2D2-C98CB2E93762}.Release|Any CPU.ActiveCfg = Release|Any CPU
		{1697647B-8A79-4F24-B2D2-C98CB2E93762}.Release|Any CPU.Build.0 = Release|Any CPU
		{EDDB60D8-C5F9-4E24-A7EC-0DE9B22F256E}.Debug|Any CPU.ActiveCfg = Debug|Any CPU
		{EDDB60D8-C5F9-4E24-A7EC-0DE9B22F256E}.Debug|Any CPU.Build.0 = Debug|Any CPU
		{EDDB60D8-C5F9-4E24-A7EC-0DE9B22F256E}.Release|Any CPU.ActiveCfg = Release|Any CPU
		{EDDB60D8-C5F9-4E24-A7EC-0DE9B22F256E}.Release|Any CPU.Build.0 = Release|Any CPU
		{90B6357A-21FE-4F20-B943-B087F05C67E7}.Debug|Any CPU.ActiveCfg = Debug|Any CPU
		{90B6357A-21FE-4F20-B943-B087F05C67E7}.Debug|Any CPU.Build.0 = Debug|Any CPU
		{90B6357A-21FE-4F20-B943-B087F05C67E7}.Release|Any CPU.ActiveCfg = Release|Any CPU
		{90B6357A-21FE-4F20-B943-B087F05C67E7}.Release|Any CPU.Build.0 = Release|Any CPU
		{540C49CC-5A2B-4952-AE14-F51D6E8AC0EE}.Debug|Any CPU.ActiveCfg = Debug|Any CPU
		{540C49CC-5A2B-4952-AE14-F51D6E8AC0EE}.Debug|Any CPU.Build.0 = Debug|Any CPU
		{540C49CC-5A2B-4952-AE14-F51D6E8AC0EE}.Release|Any CPU.ActiveCfg = Release|Any CPU
		{540C49CC-5A2B-4952-AE14-F51D6E8AC0EE}.Release|Any CPU.Build.0 = Release|Any CPU
	EndGlobalSection
	GlobalSection(SolutionProperties) = preSolution
		HideSolutionNode = FALSE
	EndGlobalSection
	GlobalSection(NestedProjects) = preSolution
		{43430031-F512-4DBD-B5F7-786109D675B5} = {1005BD33-86E9-4AA7-90D8-42E7489CF8E0}
		{90544F48-4BA4-4290-8B4C-483D6C18E11F} = {2AF77170-1150-49E0-8B4C-88DF50F76A2A}
		{FA88E04A-46B4-4AB1-8E3D-B065B5757AFE} = {290DDA80-D253-4925-A76C-E9ACC31306AB}
		{1697647B-8A79-4F24-B2D2-C98CB2E93762} = {F802673F-5FF0-4C26-8411-ED95727927E3}
		{EDDB60D8-C5F9-4E24-A7EC-0DE9B22F256E} = {F802673F-5FF0-4C26-8411-ED95727927E3}
		{90B6357A-21FE-4F20-B943-B087F05C67E7} = {9E370375-4B76-447F-A27E-9F3F27F0E245}
		{540C49CC-5A2B-4952-AE14-F51D6E8AC0EE} = {9E370375-4B76-447F-A27E-9F3F27F0E245}
	EndGlobalSection
EndGlobal
