
Microsoft Visual Studio Solution File, Format Version 12.00
# Visual Studio 15
VisualStudioVersion = 15.0.26403.7
MinimumVisualStudioVersion = 10.0.40219.1
Project("{2150E333-8FDC-42A3-9474-1A3956D46DE8}") = "App", "App", "{E8186899-95C0-4C2C-9056-DDDE87DA2714}"
EndProject
Project("{2150E333-8FDC-42A3-9474-1A3956D46DE8}") = "DAL", "DAL", "{6DDD00A5-0AAD-4F47-A609-32CFB9F62C12}"
EndProject
Project("{2150E333-8FDC-42A3-9474-1A3956D46DE8}") = "BLL", "BLL", "{AE11EADF-A442-4FFA-A3D4-D721FC5B3973}"
EndProject
Project("{2150E333-8FDC-42A3-9474-1A3956D46DE8}") = "Model", "Model", "{1230175F-0AF9-46ED-BEFC-F8E8F80944CB}"
EndProject
Project("{2150E333-8FDC-42A3-9474-1A3956D46DE8}") = "Common", "Common", "{07E8A53C-1BF9-4FB2-A6CF-D72EB146DBB0}"
EndProject
Project("{FAE04EC0-301F-11D3-BF4B-00C04F79EFBC}") = "NineEight.Common", "NineEight.Common\NineEight.Common.csproj", "{4BDA81B0-1040-48E2-B086-6E017F38E588}"
EndProject
Project("{FAE04EC0-301F-11D3-BF4B-00C04F79EFBC}") = "NineEight.IDAL", "NineEight.IDAL\NineEight.IDAL.csproj", "{76584C53-469B-4862-A105-25164EEA95B9}"
EndProject
Project("{FAE04EC0-301F-11D3-BF4B-00C04F79EFBC}") = "NineEight.DAL", "NineEight.DAL\NineEight.DAL.csproj", "{3E430142-C065-4C79-A62E-7A41D3268890}"
EndProject
Project("{FAE04EC0-301F-11D3-BF4B-00C04F79EFBC}") = "NineEight.IBLL", "NineEight.IBLL\NineEight.IBLL.csproj", "{C22D6A2D-FC88-4091-A6A2-D9A0FD34C363}"
EndProject
Project("{FAE04EC0-301F-11D3-BF4B-00C04F79EFBC}") = "NineEight.BLL", "NineEight.BLL\NineEight.BLL.csproj", "{85BEE67C-5626-4920-8098-6F8A94638D32}"
EndProject
Project("{FAE04EC0-301F-11D3-BF4B-00C04F79EFBC}") = "NineEight.Model", "NineEight.Model\NineEight.Model.csproj", "{A2DC687E-4E84-45AC-BDB9-808EE556B4E1}"
EndProject
Project("{FAE04EC0-301F-11D3-BF4B-00C04F79EFBC}") = "NineEight.HomeWork8", "NineEight.HomeWork6\NineEight.HomeWork8.csproj", "{C1AF4D12-5F15-49C9-8BE1-2F8429FD8D82}"
EndProject
Project("{2150E333-8FDC-42A3-9474-1A3956D46DE8}") = "LuceneNet", "LuceneNet", "{941AEAE9-33E9-4D7A-8B39-9000BC268D19}"
EndProject
Project("{2150E333-8FDC-42A3-9474-1A3956D46DE8}") = "Redis", "Redis", "{496B0EAD-61E9-465D-93E7-7FAF26441E85}"
EndProject
Project("{2150E333-8FDC-42A3-9474-1A3956D46DE8}") = "WCF", "WCF", "{1E3CE8FD-8C70-4F83-87A9-EC05AD3A3798}"
EndProject
Project("{FAE04EC0-301F-11D3-BF4B-00C04F79EFBC}") = "NineEight.WCF", "NineEight.WCF\NineEight.WCF.csproj", "{D580A2B5-F97E-414F-ACB8-86ACF2663E3A}"
EndProject
Project("{FAE04EC0-301F-11D3-BF4B-00C04F79EFBC}") = "NineEight.LuceneNet", "NineEight.LuceneNet\NineEight.LuceneNet.csproj", "{294F51EC-658A-411B-887C-11D0A69C2FB0}"
EndProject
Project("{FAE04EC0-301F-11D3-BF4B-00C04F79EFBC}") = "NineEight.Redis", "NineEight.Redis\NineEight.Redis.csproj", "{7AA0F365-E183-4063-9068-7C642C253566}"
EndProject
Global
	GlobalSection(SolutionConfigurationPlatforms) = preSolution
		Debug|Any CPU = Debug|Any CPU
		Release|Any CPU = Release|Any CPU
	EndGlobalSection
	GlobalSection(ProjectConfigurationPlatforms) = postSolution
		{4BDA81B0-1040-48E2-B086-6E017F38E588}.Debug|Any CPU.ActiveCfg = Debug|Any CPU
		{4BDA81B0-1040-48E2-B086-6E017F38E588}.Debug|Any CPU.Build.0 = Debug|Any CPU
		{4BDA81B0-1040-48E2-B086-6E017F38E588}.Release|Any CPU.ActiveCfg = Release|Any CPU
		{4BDA81B0-1040-48E2-B086-6E017F38E588}.Release|Any CPU.Build.0 = Release|Any CPU
		{76584C53-469B-4862-A105-25164EEA95B9}.Debug|Any CPU.ActiveCfg = Debug|Any CPU
		{76584C53-469B-4862-A105-25164EEA95B9}.Debug|Any CPU.Build.0 = Debug|Any CPU
		{76584C53-469B-4862-A105-25164EEA95B9}.Release|Any CPU.ActiveCfg = Release|Any CPU
		{76584C53-469B-4862-A105-25164EEA95B9}.Release|Any CPU.Build.0 = Release|Any CPU
		{3E430142-C065-4C79-A62E-7A41D3268890}.Debug|Any CPU.ActiveCfg = Debug|Any CPU
		{3E430142-C065-4C79-A62E-7A41D3268890}.Debug|Any CPU.Build.0 = Debug|Any CPU
		{3E430142-C065-4C79-A62E-7A41D3268890}.Release|Any CPU.ActiveCfg = Release|Any CPU
		{3E430142-C065-4C79-A62E-7A41D3268890}.Release|Any CPU.Build.0 = Release|Any CPU
		{C22D6A2D-FC88-4091-A6A2-D9A0FD34C363}.Debug|Any CPU.ActiveCfg = Debug|Any CPU
		{C22D6A2D-FC88-4091-A6A2-D9A0FD34C363}.Debug|Any CPU.Build.0 = Debug|Any CPU
		{C22D6A2D-FC88-4091-A6A2-D9A0FD34C363}.Release|Any CPU.ActiveCfg = Release|Any CPU
		{C22D6A2D-FC88-4091-A6A2-D9A0FD34C363}.Release|Any CPU.Build.0 = Release|Any CPU
		{85BEE67C-5626-4920-8098-6F8A94638D32}.Debug|Any CPU.ActiveCfg = Debug|Any CPU
		{85BEE67C-5626-4920-8098-6F8A94638D32}.Debug|Any CPU.Build.0 = Debug|Any CPU
		{85BEE67C-5626-4920-8098-6F8A94638D32}.Release|Any CPU.ActiveCfg = Release|Any CPU
		{85BEE67C-5626-4920-8098-6F8A94638D32}.Release|Any CPU.Build.0 = Release|Any CPU
		{A2DC687E-4E84-45AC-BDB9-808EE556B4E1}.Debug|Any CPU.ActiveCfg = Debug|Any CPU
		{A2DC687E-4E84-45AC-BDB9-808EE556B4E1}.Debug|Any CPU.Build.0 = Debug|Any CPU
		{A2DC687E-4E84-45AC-BDB9-808EE556B4E1}.Release|Any CPU.ActiveCfg = Release|Any CPU
		{A2DC687E-4E84-45AC-BDB9-808EE556B4E1}.Release|Any CPU.Build.0 = Release|Any CPU
		{C1AF4D12-5F15-49C9-8BE1-2F8429FD8D82}.Debug|Any CPU.ActiveCfg = Debug|Any CPU
		{C1AF4D12-5F15-49C9-8BE1-2F8429FD8D82}.Debug|Any CPU.Build.0 = Debug|Any CPU
		{C1AF4D12-5F15-49C9-8BE1-2F8429FD8D82}.Release|Any CPU.ActiveCfg = Release|Any CPU
		{C1AF4D12-5F15-49C9-8BE1-2F8429FD8D82}.Release|Any CPU.Build.0 = Release|Any CPU
		{D580A2B5-F97E-414F-ACB8-86ACF2663E3A}.Debug|Any CPU.ActiveCfg = Debug|Any CPU
		{D580A2B5-F97E-414F-ACB8-86ACF2663E3A}.Debug|Any CPU.Build.0 = Debug|Any CPU
		{D580A2B5-F97E-414F-ACB8-86ACF2663E3A}.Release|Any CPU.ActiveCfg = Release|Any CPU
		{D580A2B5-F97E-414F-ACB8-86ACF2663E3A}.Release|Any CPU.Build.0 = Release|Any CPU
		{294F51EC-658A-411B-887C-11D0A69C2FB0}.Debug|Any CPU.ActiveCfg = Debug|Any CPU
		{294F51EC-658A-411B-887C-11D0A69C2FB0}.Debug|Any CPU.Build.0 = Debug|Any CPU
		{294F51EC-658A-411B-887C-11D0A69C2FB0}.Release|Any CPU.ActiveCfg = Release|Any CPU
		{294F51EC-658A-411B-887C-11D0A69C2FB0}.Release|Any CPU.Build.0 = Release|Any CPU
		{7AA0F365-E183-4063-9068-7C642C253566}.Debug|Any CPU.ActiveCfg = Debug|Any CPU
		{7AA0F365-E183-4063-9068-7C642C253566}.Debug|Any CPU.Build.0 = Debug|Any CPU
		{7AA0F365-E183-4063-9068-7C642C253566}.Release|Any CPU.ActiveCfg = Release|Any CPU
		{7AA0F365-E183-4063-9068-7C642C253566}.Release|Any CPU.Build.0 = Release|Any CPU
	EndGlobalSection
	GlobalSection(SolutionProperties) = preSolution
		HideSolutionNode = FALSE
	EndGlobalSection
	GlobalSection(NestedProjects) = preSolution
		{4BDA81B0-1040-48E2-B086-6E017F38E588} = {07E8A53C-1BF9-4FB2-A6CF-D72EB146DBB0}
		{76584C53-469B-4862-A105-25164EEA95B9} = {6DDD00A5-0AAD-4F47-A609-32CFB9F62C12}
		{3E430142-C065-4C79-A62E-7A41D3268890} = {6DDD00A5-0AAD-4F47-A609-32CFB9F62C12}
		{C22D6A2D-FC88-4091-A6A2-D9A0FD34C363} = {AE11EADF-A442-4FFA-A3D4-D721FC5B3973}
		{85BEE67C-5626-4920-8098-6F8A94638D32} = {AE11EADF-A442-4FFA-A3D4-D721FC5B3973}
		{A2DC687E-4E84-45AC-BDB9-808EE556B4E1} = {1230175F-0AF9-46ED-BEFC-F8E8F80944CB}
		{C1AF4D12-5F15-49C9-8BE1-2F8429FD8D82} = {E8186899-95C0-4C2C-9056-DDDE87DA2714}
		{D580A2B5-F97E-414F-ACB8-86ACF2663E3A} = {1E3CE8FD-8C70-4F83-87A9-EC05AD3A3798}
		{294F51EC-658A-411B-887C-11D0A69C2FB0} = {941AEAE9-33E9-4D7A-8B39-9000BC268D19}
		{7AA0F365-E183-4063-9068-7C642C253566} = {496B0EAD-61E9-465D-93E7-7FAF26441E85}
	EndGlobalSection
EndGlobal
